// !$*UTF8*$!
{
	archiveVersion = 1;
	classes = {
	};
	objectVersion = 46;
	objects = {

/* Begin PBXBuildFile section */
		820D7D921EA337C40010B9B8 /* HomeViewController.swift in Sources */ = {isa = PBXBuildFile; fileRef = 820D7D911EA337C40010B9B8 /* HomeViewController.swift */; };
		820D7D941EA337DD0010B9B8 /* Home.storyboard in Resources */ = {isa = PBXBuildFile; fileRef = 820D7D931EA337DD0010B9B8 /* Home.storyboard */; };
		820D7D9B1EA3384C0010B9B8 /* RailTableViewCell.swift in Sources */ = {isa = PBXBuildFile; fileRef = 820D7D991EA3384C0010B9B8 /* RailTableViewCell.swift */; };
		820D7D9C1EA3384C0010B9B8 /* RailTableViewCell.xib in Resources */ = {isa = PBXBuildFile; fileRef = 820D7D9A1EA3384C0010B9B8 /* RailTableViewCell.xib */; };
		820D7D9F1EA33AF20010B9B8 /* PosterCollectionViewCell.swift in Sources */ = {isa = PBXBuildFile; fileRef = 820D7D9D1EA33AF20010B9B8 /* PosterCollectionViewCell.swift */; };
		820D7DA01EA33AF20010B9B8 /* PosterCollectionViewCell.xib in Resources */ = {isa = PBXBuildFile; fileRef = 820D7D9E1EA33AF20010B9B8 /* PosterCollectionViewCell.xib */; };
		820D7DA31EA34A010010B9B8 /* HeaderCollectionViewCell.swift in Sources */ = {isa = PBXBuildFile; fileRef = 820D7DA11EA34A010010B9B8 /* HeaderCollectionViewCell.swift */; };
		820D7DA41EA34A010010B9B8 /* HeaderCollectionViewCell.xib in Resources */ = {isa = PBXBuildFile; fileRef = 820D7DA21EA34A010010B9B8 /* HeaderCollectionViewCell.xib */; };
		820D7DA71EA34A0E0010B9B8 /* HeaderTableViewCell.swift in Sources */ = {isa = PBXBuildFile; fileRef = 820D7DA51EA34A0E0010B9B8 /* HeaderTableViewCell.swift */; };
		820D7DA81EA34A0E0010B9B8 /* HeaderTableViewCell.xib in Resources */ = {isa = PBXBuildFile; fileRef = 820D7DA61EA34A0E0010B9B8 /* HeaderTableViewCell.xib */; };
		820D7DAF1EA352870010B9B8 /* Show.swift in Sources */ = {isa = PBXBuildFile; fileRef = 820D7DAE1EA352870010B9B8 /* Show.swift */; };
		820D7DB21EA3537B0010B9B8 /* movies.plist in Resources */ = {isa = PBXBuildFile; fileRef = 820D7DB11EA3537B0010B9B8 /* movies.plist */; };
		821CE23B1EA40C320042068F /* Collection.swift in Sources */ = {isa = PBXBuildFile; fileRef = 821CE23A1EA40C320042068F /* Collection.swift */; };
		824AAA551EE5192800E50ABC /* AssetExtractor.swift in Sources */ = {isa = PBXBuildFile; fileRef = 824AAA541EE5192800E50ABC /* AssetExtractor.swift */; };
		824FF4971E8E151C005F3A1B /* AppDelegate.swift in Sources */ = {isa = PBXBuildFile; fileRef = 824FF4961E8E151C005F3A1B /* AppDelegate.swift */; };
		824FF4991E8E151C005F3A1B /* ViewController.swift in Sources */ = {isa = PBXBuildFile; fileRef = 824FF4981E8E151C005F3A1B /* ViewController.swift */; };
		824FF49C1E8E151C005F3A1B /* Main.storyboard in Resources */ = {isa = PBXBuildFile; fileRef = 824FF49A1E8E151C005F3A1B /* Main.storyboard */; };
		824FF49F1E8E151C005F3A1B /* streamia.xcdatamodeld in Sources */ = {isa = PBXBuildFile; fileRef = 824FF49D1E8E151C005F3A1B /* streamia.xcdatamodeld */; };
		824FF4A11E8E151C005F3A1B /* Assets.xcassets in Resources */ = {isa = PBXBuildFile; fileRef = 824FF4A01E8E151C005F3A1B /* Assets.xcassets */; };
		824FF4A41E8E151C005F3A1B /* LaunchScreen.storyboard in Resources */ = {isa = PBXBuildFile; fileRef = 824FF4A21E8E151C005F3A1B /* LaunchScreen.storyboard */; };
		824FF4AF1E8E151D005F3A1B /* streamiaTests.swift in Sources */ = {isa = PBXBuildFile; fileRef = 824FF4AE1E8E151D005F3A1B /* streamiaTests.swift */; };
		824FF4BA1E8E151D005F3A1B /* streamiaUITests.swift in Sources */ = {isa = PBXBuildFile; fileRef = 824FF4B91E8E151D005F3A1B /* streamiaUITests.swift */; };
		82854B611E8E269A000CDCFA /* Movie.swift in Sources */ = {isa = PBXBuildFile; fileRef = 82854B601E8E269A000CDCFA /* Movie.swift */; };
		8295CC531EE4596900B37B09 /* MovieMetadataTableViewCell.swift in Sources */ = {isa = PBXBuildFile; fileRef = 8295CC511EE4596900B37B09 /* MovieMetadataTableViewCell.swift */; };
		8295CC541EE4596900B37B09 /* MovieMetadataTableViewCell.xib in Resources */ = {isa = PBXBuildFile; fileRef = 8295CC521EE4596900B37B09 /* MovieMetadataTableViewCell.xib */; };
		82B9A7F91EE2852B00DC0D36 /* Movie.storyboard in Resources */ = {isa = PBXBuildFile; fileRef = 82B9A7F81EE2852B00DC0D36 /* Movie.storyboard */; };
		82B9A7FB1EE2853300DC0D36 /* MovieViewController.swift in Sources */ = {isa = PBXBuildFile; fileRef = 82B9A7FA1EE2853300DC0D36 /* MovieViewController.swift */; };
		82B9A7FE1EE2886400DC0D36 /* MovieHeaderTableViewCell.swift in Sources */ = {isa = PBXBuildFile; fileRef = 82B9A7FC1EE2886400DC0D36 /* MovieHeaderTableViewCell.swift */; };
		82B9A7FF1EE2886400DC0D36 /* MovieHeaderTableViewCell.xib in Resources */ = {isa = PBXBuildFile; fileRef = 82B9A7FD1EE2886400DC0D36 /* MovieHeaderTableViewCell.xib */; };
/* End PBXBuildFile section */

/* Begin PBXContainerItemProxy section */
		824FF4AB1E8E151D005F3A1B /* PBXContainerItemProxy */ = {
			isa = PBXContainerItemProxy;
			containerPortal = 824FF48B1E8E151C005F3A1B /* Project object */;
			proxyType = 1;
			remoteGlobalIDString = 824FF4921E8E151C005F3A1B;
			remoteInfo = streamia;
		};
		824FF4B61E8E151D005F3A1B /* PBXContainerItemProxy */ = {
			isa = PBXContainerItemProxy;
			containerPortal = 824FF48B1E8E151C005F3A1B /* Project object */;
			proxyType = 1;
			remoteGlobalIDString = 824FF4921E8E151C005F3A1B;
			remoteInfo = streamia;
		};
/* End PBXContainerItemProxy section */

/* Begin PBXFileReference section */
		820D7D911EA337C40010B9B8 /* HomeViewController.swift */ = {isa = PBXFileReference; fileEncoding = 4; lastKnownFileType = sourcecode.swift; path = HomeViewController.swift; sourceTree = "<group>"; };
		820D7D931EA337DD0010B9B8 /* Home.storyboard */ = {isa = PBXFileReference; fileEncoding = 4; lastKnownFileType = file.storyboard; path = Home.storyboard; sourceTree = "<group>"; };
		820D7D991EA3384C0010B9B8 /* RailTableViewCell.swift */ = {isa = PBXFileReference; fileEncoding = 4; lastKnownFileType = sourcecode.swift; path = RailTableViewCell.swift; sourceTree = "<group>"; };
		820D7D9A1EA3384C0010B9B8 /* RailTableViewCell.xib */ = {isa = PBXFileReference; fileEncoding = 4; lastKnownFileType = file.xib; path = RailTableViewCell.xib; sourceTree = "<group>"; };
		820D7D9D1EA33AF20010B9B8 /* PosterCollectionViewCell.swift */ = {isa = PBXFileReference; fileEncoding = 4; lastKnownFileType = sourcecode.swift; path = PosterCollectionViewCell.swift; sourceTree = "<group>"; };
		820D7D9E1EA33AF20010B9B8 /* PosterCollectionViewCell.xib */ = {isa = PBXFileReference; fileEncoding = 4; lastKnownFileType = file.xib; path = PosterCollectionViewCell.xib; sourceTree = "<group>"; };
		820D7DA11EA34A010010B9B8 /* HeaderCollectionViewCell.swift */ = {isa = PBXFileReference; fileEncoding = 4; lastKnownFileType = sourcecode.swift; path = HeaderCollectionViewCell.swift; sourceTree = "<group>"; };
		820D7DA21EA34A010010B9B8 /* HeaderCollectionViewCell.xib */ = {isa = PBXFileReference; fileEncoding = 4; lastKnownFileType = file.xib; path = HeaderCollectionViewCell.xib; sourceTree = "<group>"; };
		820D7DA51EA34A0E0010B9B8 /* HeaderTableViewCell.swift */ = {isa = PBXFileReference; fileEncoding = 4; lastKnownFileType = sourcecode.swift; path = HeaderTableViewCell.swift; sourceTree = "<group>"; };
		820D7DA61EA34A0E0010B9B8 /* HeaderTableViewCell.xib */ = {isa = PBXFileReference; fileEncoding = 4; lastKnownFileType = file.xib; path = HeaderTableViewCell.xib; sourceTree = "<group>"; };
		820D7DAE1EA352870010B9B8 /* Show.swift */ = {isa = PBXFileReference; fileEncoding = 4; lastKnownFileType = sourcecode.swift; path = Show.swift; sourceTree = "<group>"; };
		820D7DB11EA3537B0010B9B8 /* movies.plist */ = {isa = PBXFileReference; fileEncoding = 4; lastKnownFileType = text.plist.xml; path = movies.plist; sourceTree = "<group>"; };
		821CE23A1EA40C320042068F /* Collection.swift */ = {isa = PBXFileReference; fileEncoding = 4; lastKnownFileType = sourcecode.swift; path = Collection.swift; sourceTree = "<group>"; };
		824AAA541EE5192800E50ABC /* AssetExtractor.swift */ = {isa = PBXFileReference; fileEncoding = 4; lastKnownFileType = sourcecode.swift; path = AssetExtractor.swift; sourceTree = "<group>"; };
		824FF4931E8E151C005F3A1B /* streamia.app */ = {isa = PBXFileReference; explicitFileType = wrapper.application; includeInIndex = 0; path = streamia.app; sourceTree = BUILT_PRODUCTS_DIR; };
		824FF4961E8E151C005F3A1B /* AppDelegate.swift */ = {isa = PBXFileReference; lastKnownFileType = sourcecode.swift; path = AppDelegate.swift; sourceTree = "<group>"; };
		824FF4981E8E151C005F3A1B /* ViewController.swift */ = {isa = PBXFileReference; lastKnownFileType = sourcecode.swift; path = ViewController.swift; sourceTree = "<group>"; };
		824FF49B1E8E151C005F3A1B /* Base */ = {isa = PBXFileReference; lastKnownFileType = file.storyboard; name = Base; path = Base.lproj/Main.storyboard; sourceTree = "<group>"; };
		824FF49E1E8E151C005F3A1B /* streamia.xcdatamodel */ = {isa = PBXFileReference; lastKnownFileType = wrapper.xcdatamodel; path = streamia.xcdatamodel; sourceTree = "<group>"; };
		824FF4A01E8E151C005F3A1B /* Assets.xcassets */ = {isa = PBXFileReference; lastKnownFileType = folder.assetcatalog; path = Assets.xcassets; sourceTree = "<group>"; };
		824FF4A31E8E151C005F3A1B /* Base */ = {isa = PBXFileReference; lastKnownFileType = file.storyboard; name = Base; path = Base.lproj/LaunchScreen.storyboard; sourceTree = "<group>"; };
		824FF4A51E8E151C005F3A1B /* Info.plist */ = {isa = PBXFileReference; lastKnownFileType = text.plist.xml; path = Info.plist; sourceTree = "<group>"; };
		824FF4AA1E8E151D005F3A1B /* streamiaTests.xctest */ = {isa = PBXFileReference; explicitFileType = wrapper.cfbundle; includeInIndex = 0; path = streamiaTests.xctest; sourceTree = BUILT_PRODUCTS_DIR; };
		824FF4AE1E8E151D005F3A1B /* streamiaTests.swift */ = {isa = PBXFileReference; lastKnownFileType = sourcecode.swift; path = streamiaTests.swift; sourceTree = "<group>"; };
		824FF4B01E8E151D005F3A1B /* Info.plist */ = {isa = PBXFileReference; lastKnownFileType = text.plist.xml; path = Info.plist; sourceTree = "<group>"; };
		824FF4B51E8E151D005F3A1B /* streamiaUITests.xctest */ = {isa = PBXFileReference; explicitFileType = wrapper.cfbundle; includeInIndex = 0; path = streamiaUITests.xctest; sourceTree = BUILT_PRODUCTS_DIR; };
		824FF4B91E8E151D005F3A1B /* streamiaUITests.swift */ = {isa = PBXFileReference; lastKnownFileType = sourcecode.swift; path = streamiaUITests.swift; sourceTree = "<group>"; };
		824FF4BB1E8E151D005F3A1B /* Info.plist */ = {isa = PBXFileReference; lastKnownFileType = text.plist.xml; path = Info.plist; sourceTree = "<group>"; };
		82854B601E8E269A000CDCFA /* Movie.swift */ = {isa = PBXFileReference; fileEncoding = 4; lastKnownFileType = sourcecode.swift; path = Movie.swift; sourceTree = "<group>"; };
		8295CC511EE4596900B37B09 /* MovieMetadataTableViewCell.swift */ = {isa = PBXFileReference; fileEncoding = 4; lastKnownFileType = sourcecode.swift; path = MovieMetadataTableViewCell.swift; sourceTree = "<group>"; };
		8295CC521EE4596900B37B09 /* MovieMetadataTableViewCell.xib */ = {isa = PBXFileReference; fileEncoding = 4; lastKnownFileType = file.xib; path = MovieMetadataTableViewCell.xib; sourceTree = "<group>"; };
		82B9A7F81EE2852B00DC0D36 /* Movie.storyboard */ = {isa = PBXFileReference; fileEncoding = 4; lastKnownFileType = file.storyboard; path = Movie.storyboard; sourceTree = "<group>"; };
		82B9A7FA1EE2853300DC0D36 /* MovieViewController.swift */ = {isa = PBXFileReference; fileEncoding = 4; lastKnownFileType = sourcecode.swift; path = MovieViewController.swift; sourceTree = "<group>"; };
		82B9A7FC1EE2886400DC0D36 /* MovieHeaderTableViewCell.swift */ = {isa = PBXFileReference; fileEncoding = 4; lastKnownFileType = sourcecode.swift; path = MovieHeaderTableViewCell.swift; sourceTree = "<group>"; };
		82B9A7FD1EE2886400DC0D36 /* MovieHeaderTableViewCell.xib */ = {isa = PBXFileReference; fileEncoding = 4; lastKnownFileType = file.xib; path = MovieHeaderTableViewCell.xib; sourceTree = "<group>"; };
/* End PBXFileReference section */

/* Begin PBXFrameworksBuildPhase section */
		824FF4901E8E151C005F3A1B /* Frameworks */ = {
			isa = PBXFrameworksBuildPhase;
			buildActionMask = 2147483647;
			files = (
			);
			runOnlyForDeploymentPostprocessing = 0;
		};
		824FF4A71E8E151D005F3A1B /* Frameworks */ = {
			isa = PBXFrameworksBuildPhase;
			buildActionMask = 2147483647;
			files = (
			);
			runOnlyForDeploymentPostprocessing = 0;
		};
		824FF4B21E8E151D005F3A1B /* Frameworks */ = {
			isa = PBXFrameworksBuildPhase;
			buildActionMask = 2147483647;
			files = (
			);
			runOnlyForDeploymentPostprocessing = 0;
		};
/* End PBXFrameworksBuildPhase section */

/* Begin PBXGroup section */
		820D7D951EA337E40010B9B8 /* Home */ = {
			isa = PBXGroup;
			children = (
				820D7D911EA337C40010B9B8 /* HomeViewController.swift */,
				820D7D931EA337DD0010B9B8 /* Home.storyboard */,
			);
			name = Home;
			sourceTree = "<group>";
		};
		820D7D961EA337E80010B9B8 /* UI */ = {
			isa = PBXGroup;
			children = (
				820D7DA91EA34A190010B9B8 /* Cells */,
				82B9A7F31EE284EE00DC0D36 /* Movie Detail */,
				820D7D951EA337E40010B9B8 /* Home */,
				824AAA541EE5192800E50ABC /* AssetExtractor.swift */,
			);
			name = UI;
			sourceTree = "<group>";
		};
		820D7DA91EA34A190010B9B8 /* Cells */ = {
			isa = PBXGroup;
			children = (
				820D7DAA1EA34A280010B9B8 /* RailTableViewCell */,
				820D7DAB1EA34A350010B9B8 /* PosterCollectionViewCell */,
				820D7DAC1EA352730010B9B8 /* HeaderCollectionViewCell */,
				820D7DAD1EA3527A0010B9B8 /* HeaderTableViewCell */,
			);
			name = Cells;
			sourceTree = "<group>";
		};
		820D7DAA1EA34A280010B9B8 /* RailTableViewCell */ = {
			isa = PBXGroup;
			children = (
				820D7D991EA3384C0010B9B8 /* RailTableViewCell.swift */,
				820D7D9A1EA3384C0010B9B8 /* RailTableViewCell.xib */,
			);
			name = RailTableViewCell;
			sourceTree = "<group>";
		};
		820D7DAB1EA34A350010B9B8 /* PosterCollectionViewCell */ = {
			isa = PBXGroup;
			children = (
				820D7D9D1EA33AF20010B9B8 /* PosterCollectionViewCell.swift */,
				820D7D9E1EA33AF20010B9B8 /* PosterCollectionViewCell.xib */,
			);
			name = PosterCollectionViewCell;
			sourceTree = "<group>";
		};
		820D7DAC1EA352730010B9B8 /* HeaderCollectionViewCell */ = {
			isa = PBXGroup;
			children = (
				820D7DA11EA34A010010B9B8 /* HeaderCollectionViewCell.swift */,
				820D7DA21EA34A010010B9B8 /* HeaderCollectionViewCell.xib */,
			);
			name = HeaderCollectionViewCell;
			sourceTree = "<group>";
		};
		820D7DAD1EA3527A0010B9B8 /* HeaderTableViewCell */ = {
			isa = PBXGroup;
			children = (
				820D7DA51EA34A0E0010B9B8 /* HeaderTableViewCell.swift */,
				820D7DA61EA34A0E0010B9B8 /* HeaderTableViewCell.xib */,
			);
			name = HeaderTableViewCell;
			sourceTree = "<group>";
		};
		820D7DB01EA353670010B9B8 /* Mock */ = {
			isa = PBXGroup;
			children = (
				820D7DB11EA3537B0010B9B8 /* movies.plist */,
			);
			name = Mock;
			sourceTree = "<group>";
		};
		824FF48A1E8E151C005F3A1B = {
			isa = PBXGroup;
			children = (
				824FF4951E8E151C005F3A1B /* streamia */,
				824FF4AD1E8E151D005F3A1B /* streamiaTests */,
				824FF4B81E8E151D005F3A1B /* streamiaUITests */,
				824FF4941E8E151C005F3A1B /* Products */,
			);
			sourceTree = "<group>";
		};
		824FF4941E8E151C005F3A1B /* Products */ = {
			isa = PBXGroup;
			children = (
				824FF4931E8E151C005F3A1B /* streamia.app */,
				824FF4AA1E8E151D005F3A1B /* streamiaTests.xctest */,
				824FF4B51E8E151D005F3A1B /* streamiaUITests.xctest */,
			);
			name = Products;
			sourceTree = "<group>";
		};
		824FF4951E8E151C005F3A1B /* streamia */ = {
			isa = PBXGroup;
			children = (
				824FF4961E8E151C005F3A1B /* AppDelegate.swift */,
				824FF4981E8E151C005F3A1B /* ViewController.swift */,
				820D7DB01EA353670010B9B8 /* Mock */,
				820D7D961EA337E80010B9B8 /* UI */,
				82E242051E8E2B7700175C1B /* Model */,
				824FF49A1E8E151C005F3A1B /* Main.storyboard */,
				824FF4A01E8E151C005F3A1B /* Assets.xcassets */,
				824FF4A21E8E151C005F3A1B /* LaunchScreen.storyboard */,
				824FF4A51E8E151C005F3A1B /* Info.plist */,
				824FF49D1E8E151C005F3A1B /* streamia.xcdatamodeld */,
			);
			path = streamia;
			sourceTree = "<group>";
		};
		824FF4AD1E8E151D005F3A1B /* streamiaTests */ = {
			isa = PBXGroup;
			children = (
				824FF4AE1E8E151D005F3A1B /* streamiaTests.swift */,
				824FF4B01E8E151D005F3A1B /* Info.plist */,
			);
			path = streamiaTests;
			sourceTree = "<group>";
		};
		824FF4B81E8E151D005F3A1B /* streamiaUITests */ = {
			isa = PBXGroup;
			children = (
				824FF4B91E8E151D005F3A1B /* streamiaUITests.swift */,
				824FF4BB1E8E151D005F3A1B /* Info.plist */,
			);
			path = streamiaUITests;
			sourceTree = "<group>";
		};
		82B9A7F31EE284EE00DC0D36 /* Movie Detail */ = {
			isa = PBXGroup;
			children = (
				82B9A7F81EE2852B00DC0D36 /* Movie.storyboard */,
				82B9A7FC1EE2886400DC0D36 /* MovieHeaderTableViewCell.swift */,
				82B9A7FD1EE2886400DC0D36 /* MovieHeaderTableViewCell.xib */,
				82B9A7FA1EE2853300DC0D36 /* MovieViewController.swift */,
				8295CC511EE4596900B37B09 /* MovieMetadataTableViewCell.swift */,
				8295CC521EE4596900B37B09 /* MovieMetadataTableViewCell.xib */,
			);
			name = "Movie Detail";
			sourceTree = "<group>";
		};
		82E242051E8E2B7700175C1B /* Model */ = {
			isa = PBXGroup;
			children = (
				82854B601E8E269A000CDCFA /* Movie.swift */,
				820D7DAE1EA352870010B9B8 /* Show.swift */,
				821CE23A1EA40C320042068F /* Collection.swift */,
			);
			name = Model;
			sourceTree = "<group>";
		};
/* End PBXGroup section */

/* Begin PBXNativeTarget section */
		824FF4921E8E151C005F3A1B /* streamia */ = {
			isa = PBXNativeTarget;
			buildConfigurationList = 824FF4BE1E8E151D005F3A1B /* Build configuration list for PBXNativeTarget "streamia" */;
			buildPhases = (
				824FF48F1E8E151C005F3A1B /* Sources */,
				824FF4901E8E151C005F3A1B /* Frameworks */,
				824FF4911E8E151C005F3A1B /* Resources */,
			);
			buildRules = (
			);
			dependencies = (
			);
			name = streamia;
			productName = streamia;
			productReference = 824FF4931E8E151C005F3A1B /* streamia.app */;
			productType = "com.apple.product-type.application";
		};
		824FF4A91E8E151D005F3A1B /* streamiaTests */ = {
			isa = PBXNativeTarget;
			buildConfigurationList = 824FF4C11E8E151D005F3A1B /* Build configuration list for PBXNativeTarget "streamiaTests" */;
			buildPhases = (
				824FF4A61E8E151D005F3A1B /* Sources */,
				824FF4A71E8E151D005F3A1B /* Frameworks */,
				824FF4A81E8E151D005F3A1B /* Resources */,
			);
			buildRules = (
			);
			dependencies = (
				824FF4AC1E8E151D005F3A1B /* PBXTargetDependency */,
			);
			name = streamiaTests;
			productName = streamiaTests;
			productReference = 824FF4AA1E8E151D005F3A1B /* streamiaTests.xctest */;
			productType = "com.apple.product-type.bundle.unit-test";
		};
		824FF4B41E8E151D005F3A1B /* streamiaUITests */ = {
			isa = PBXNativeTarget;
			buildConfigurationList = 824FF4C41E8E151D005F3A1B /* Build configuration list for PBXNativeTarget "streamiaUITests" */;
			buildPhases = (
				824FF4B11E8E151D005F3A1B /* Sources */,
				824FF4B21E8E151D005F3A1B /* Frameworks */,
				824FF4B31E8E151D005F3A1B /* Resources */,
			);
			buildRules = (
			);
			dependencies = (
				824FF4B71E8E151D005F3A1B /* PBXTargetDependency */,
			);
			name = streamiaUITests;
			productName = streamiaUITests;
			productReference = 824FF4B51E8E151D005F3A1B /* streamiaUITests.xctest */;
			productType = "com.apple.product-type.bundle.ui-testing";
		};
/* End PBXNativeTarget section */

/* Begin PBXProject section */
		824FF48B1E8E151C005F3A1B /* Project object */ = {
			isa = PBXProject;
			attributes = {
				LastSwiftUpdateCheck = 0820;
				LastUpgradeCheck = 0820;
				ORGANIZATIONNAME = appollo;
				TargetAttributes = {
					824FF4921E8E151C005F3A1B = {
						CreatedOnToolsVersion = 8.2.1;
						DevelopmentTeam = H8HSTBN8ZP;
						ProvisioningStyle = Automatic;
					};
					824FF4A91E8E151D005F3A1B = {
						CreatedOnToolsVersion = 8.2.1;
						DevelopmentTeam = H8HSTBN8ZP;
						ProvisioningStyle = Automatic;
						TestTargetID = 824FF4921E8E151C005F3A1B;
					};
					824FF4B41E8E151D005F3A1B = {
						CreatedOnToolsVersion = 8.2.1;
						DevelopmentTeam = H8HSTBN8ZP;
						ProvisioningStyle = Automatic;
						TestTargetID = 824FF4921E8E151C005F3A1B;
					};
				};
			};
			buildConfigurationList = 824FF48E1E8E151C005F3A1B /* Build configuration list for PBXProject "streamia" */;
			compatibilityVersion = "Xcode 3.2";
			developmentRegion = English;
			hasScannedForEncodings = 0;
			knownRegions = (
				en,
				Base,
			);
			mainGroup = 824FF48A1E8E151C005F3A1B;
			productRefGroup = 824FF4941E8E151C005F3A1B /* Products */;
			projectDirPath = "";
			projectRoot = "";
			targets = (
				824FF4921E8E151C005F3A1B /* streamia */,
				824FF4A91E8E151D005F3A1B /* streamiaTests */,
				824FF4B41E8E151D005F3A1B /* streamiaUITests */,
			);
		};
/* End PBXProject section */

/* Begin PBXResourcesBuildPhase section */
		824FF4911E8E151C005F3A1B /* Resources */ = {
			isa = PBXResourcesBuildPhase;
			buildActionMask = 2147483647;
			files = (
				824FF4A41E8E151C005F3A1B /* LaunchScreen.storyboard in Resources */,
				820D7DA01EA33AF20010B9B8 /* PosterCollectionViewCell.xib in Resources */,
				820D7D9C1EA3384C0010B9B8 /* RailTableViewCell.xib in Resources */,
				824FF4A11E8E151C005F3A1B /* Assets.xcassets in Resources */,
				82B9A7FF1EE2886400DC0D36 /* MovieHeaderTableViewCell.xib in Resources */,
				820D7DA81EA34A0E0010B9B8 /* HeaderTableViewCell.xib in Resources */,
				82B9A7F91EE2852B00DC0D36 /* Movie.storyboard in Resources */,
				8295CC541EE4596900B37B09 /* MovieMetadataTableViewCell.xib in Resources */,
				820D7DA41EA34A010010B9B8 /* HeaderCollectionViewCell.xib in Resources */,
				824FF49C1E8E151C005F3A1B /* Main.storyboard in Resources */,
				820D7D941EA337DD0010B9B8 /* Home.storyboard in Resources */,
				820D7DB21EA3537B0010B9B8 /* movies.plist in Resources */,
			);
			runOnlyForDeploymentPostprocessing = 0;
		};
		824FF4A81E8E151D005F3A1B /* Resources */ = {
			isa = PBXResourcesBuildPhase;
			buildActionMask = 2147483647;
			files = (
			);
			runOnlyForDeploymentPostprocessing = 0;
		};
		824FF4B31E8E151D005F3A1B /* Resources */ = {
			isa = PBXResourcesBuildPhase;
			buildActionMask = 2147483647;
			files = (
			);
			runOnlyForDeploymentPostprocessing = 0;
		};
/* End PBXResourcesBuildPhase section */

/* Begin PBXSourcesBuildPhase section */
		824FF48F1E8E151C005F3A1B /* Sources */ = {
			isa = PBXSourcesBuildPhase;
			buildActionMask = 2147483647;
			files = (
				820D7D9F1EA33AF20010B9B8 /* PosterCollectionViewCell.swift in Sources */,
				820D7DA71EA34A0E0010B9B8 /* HeaderTableViewCell.swift in Sources */,
				820D7DA31EA34A010010B9B8 /* HeaderCollectionViewCell.swift in Sources */,
				820D7D921EA337C40010B9B8 /* HomeViewController.swift in Sources */,
				8295CC531EE4596900B37B09 /* MovieMetadataTableViewCell.swift in Sources */,
				824AAA551EE5192800E50ABC /* AssetExtractor.swift in Sources */,
				824FF49F1E8E151C005F3A1B /* streamia.xcdatamodeld in Sources */,
				824FF4991E8E151C005F3A1B /* ViewController.swift in Sources */,
				82854B611E8E269A000CDCFA /* Movie.swift in Sources */,
				821CE23B1EA40C320042068F /* Collection.swift in Sources */,
				824FF4971E8E151C005F3A1B /* AppDelegate.swift in Sources */,
				820D7DAF1EA352870010B9B8 /* Show.swift in Sources */,
				820D7D9B1EA3384C0010B9B8 /* RailTableViewCell.swift in Sources */,
				82B9A7FB1EE2853300DC0D36 /* MovieViewController.swift in Sources */,
				82B9A7FE1EE2886400DC0D36 /* MovieHeaderTableViewCell.swift in Sources */,
			);
			runOnlyForDeploymentPostprocessing = 0;
		};
		824FF4A61E8E151D005F3A1B /* Sources */ = {
			isa = PBXSourcesBuildPhase;
			buildActionMask = 2147483647;
			files = (
				824FF4AF1E8E151D005F3A1B /* streamiaTests.swift in Sources */,
			);
			runOnlyForDeploymentPostprocessing = 0;
		};
		824FF4B11E8E151D005F3A1B /* Sources */ = {
			isa = PBXSourcesBuildPhase;
			buildActionMask = 2147483647;
			files = (
				824FF4BA1E8E151D005F3A1B /* streamiaUITests.swift in Sources */,
			);
			runOnlyForDeploymentPostprocessing = 0;
		};
/* End PBXSourcesBuildPhase section */

/* Begin PBXTargetDependency section */
		824FF4AC1E8E151D005F3A1B /* PBXTargetDependency */ = {
			isa = PBXTargetDependency;
			target = 824FF4921E8E151C005F3A1B /* streamia */;
			targetProxy = 824FF4AB1E8E151D005F3A1B /* PBXContainerItemProxy */;
		};
		824FF4B71E8E151D005F3A1B /* PBXTargetDependency */ = {
			isa = PBXTargetDependency;
			target = 824FF4921E8E151C005F3A1B /* streamia */;
			targetProxy = 824FF4B61E8E151D005F3A1B /* PBXContainerItemProxy */;
		};
/* End PBXTargetDependency section */

/* Begin PBXVariantGroup section */
		824FF49A1E8E151C005F3A1B /* Main.storyboard */ = {
			isa = PBXVariantGroup;
			children = (
				824FF49B1E8E151C005F3A1B /* Base */,
			);
			name = Main.storyboard;
			sourceTree = "<group>";
		};
		824FF4A21E8E151C005F3A1B /* LaunchScreen.storyboard */ = {
			isa = PBXVariantGroup;
			children = (
				824FF4A31E8E151C005F3A1B /* Base */,
			);
			name = LaunchScreen.storyboard;
			sourceTree = "<group>";
		};
/* End PBXVariantGroup section */

/* Begin XCBuildConfiguration section */
		824FF4BC1E8E151D005F3A1B /* Debug */ = {
			isa = XCBuildConfiguration;
			buildSettings = {
				ALWAYS_SEARCH_USER_PATHS = NO;
				CLANG_ANALYZER_NONNULL = YES;
				CLANG_CXX_LANGUAGE_STANDARD = "gnu++0x";
				CLANG_CXX_LIBRARY = "libc++";
				CLANG_ENABLE_MODULES = YES;
				CLANG_ENABLE_OBJC_ARC = YES;
				CLANG_WARN_BOOL_CONVERSION = YES;
				CLANG_WARN_CONSTANT_CONVERSION = YES;
				CLANG_WARN_DIRECT_OBJC_ISA_USAGE = YES_ERROR;
				CLANG_WARN_DOCUMENTATION_COMMENTS = YES;
				CLANG_WARN_EMPTY_BODY = YES;
				CLANG_WARN_ENUM_CONVERSION = YES;
				CLANG_WARN_INFINITE_RECURSION = YES;
				CLANG_WARN_INT_CONVERSION = YES;
				CLANG_WARN_OBJC_ROOT_CLASS = YES_ERROR;
				CLANG_WARN_SUSPICIOUS_MOVE = YES;
				CLANG_WARN_UNREACHABLE_CODE = YES;
				CLANG_WARN__DUPLICATE_METHOD_MATCH = YES;
				"CODE_SIGN_IDENTITY[sdk=iphoneos*]" = "iPhone Developer";
				COPY_PHASE_STRIP = NO;
				DEBUG_INFORMATION_FORMAT = dwarf;
				ENABLE_STRICT_OBJC_MSGSEND = YES;
				ENABLE_TESTABILITY = YES;
				GCC_C_LANGUAGE_STANDARD = gnu99;
				GCC_DYNAMIC_NO_PIC = NO;
				GCC_NO_COMMON_BLOCKS = YES;
				GCC_OPTIMIZATION_LEVEL = 0;
				GCC_PREPROCESSOR_DEFINITIONS = (
					"DEBUG=1",
					"$(inherited)",
				);
				GCC_WARN_64_TO_32_BIT_CONVERSION = YES;
				GCC_WARN_ABOUT_RETURN_TYPE = YES_ERROR;
				GCC_WARN_UNDECLARED_SELECTOR = YES;
				GCC_WARN_UNINITIALIZED_AUTOS = YES_AGGRESSIVE;
				GCC_WARN_UNUSED_FUNCTION = YES;
				GCC_WARN_UNUSED_VARIABLE = YES;
				IPHONEOS_DEPLOYMENT_TARGET = 10.2;
				MTL_ENABLE_DEBUG_INFO = YES;
				ONLY_ACTIVE_ARCH = YES;
				SDKROOT = iphoneos;
				SWIFT_ACTIVE_COMPILATION_CONDITIONS = DEBUG;
				SWIFT_OPTIMIZATION_LEVEL = "-Onone";
				TARGETED_DEVICE_FAMILY = "1,2";
			};
			name = Debug;
		};
		824FF4BD1E8E151D005F3A1B /* Release */ = {
			isa = XCBuildConfiguration;
			buildSettings = {
				ALWAYS_SEARCH_USER_PATHS = NO;
				CLANG_ANALYZER_NONNULL = YES;
				CLANG_CXX_LANGUAGE_STANDARD = "gnu++0x";
				CLANG_CXX_LIBRARY = "libc++";
				CLANG_ENABLE_MODULES = YES;
				CLANG_ENABLE_OBJC_ARC = YES;
				CLANG_WARN_BOOL_CONVERSION = YES;
				CLANG_WARN_CONSTANT_CONVERSION = YES;
				CLANG_WARN_DIRECT_OBJC_ISA_USAGE = YES_ERROR;
				CLANG_WARN_DOCUMENTATION_COMMENTS = YES;
				CLANG_WARN_EMPTY_BODY = YES;
				CLANG_WARN_ENUM_CONVERSION = YES;
				CLANG_WARN_INFINITE_RECURSION = YES;
				CLANG_WARN_INT_CONVERSION = YES;
				CLANG_WARN_OBJC_ROOT_CLASS = YES_ERROR;
				CLANG_WARN_SUSPICIOUS_MOVE = YES;
				CLANG_WARN_UNREACHABLE_CODE = YES;
				CLANG_WARN__DUPLICATE_METHOD_MATCH = YES;
				"CODE_SIGN_IDENTITY[sdk=iphoneos*]" = "iPhone Developer";
				COPY_PHASE_STRIP = NO;
				DEBUG_INFORMATION_FORMAT = "dwarf-with-dsym";
				ENABLE_NS_ASSERTIONS = NO;
				ENABLE_STRICT_OBJC_MSGSEND = YES;
				GCC_C_LANGUAGE_STANDARD = gnu99;
				GCC_NO_COMMON_BLOCKS = YES;
				GCC_WARN_64_TO_32_BIT_CONVERSION = YES;
				GCC_WARN_ABOUT_RETURN_TYPE = YES_ERROR;
				GCC_WARN_UNDECLARED_SELECTOR = YES;
				GCC_WARN_UNINITIALIZED_AUTOS = YES_AGGRESSIVE;
				GCC_WARN_UNUSED_FUNCTION = YES;
				GCC_WARN_UNUSED_VARIABLE = YES;
				IPHONEOS_DEPLOYMENT_TARGET = 10.2;
				MTL_ENABLE_DEBUG_INFO = NO;
				SDKROOT = iphoneos;
				SWIFT_OPTIMIZATION_LEVEL = "-Owholemodule";
				TARGETED_DEVICE_FAMILY = "1,2";
				VALIDATE_PRODUCT = YES;
			};
			name = Release;
		};
		824FF4BF1E8E151D005F3A1B /* Debug */ = {
			isa = XCBuildConfiguration;
			buildSettings = {
				ASSETCATALOG_COMPILER_APPICON_NAME = AppIcon;
				DEVELOPMENT_TEAM = H8HSTBN8ZP;
				INFOPLIST_FILE = streamia/Info.plist;
				LD_RUNPATH_SEARCH_PATHS = "$(inherited) @executable_path/Frameworks";
				PRODUCT_BUNDLE_IDENTIFIER = com.apollo.streamia;
				PRODUCT_NAME = "$(TARGET_NAME)";
				SWIFT_VERSION = 3.0;
				TARGETED_DEVICE_FAMILY = 1;
			};
			name = Debug;
		};
		824FF4C01E8E151D005F3A1B /* Release */ = {
			isa = XCBuildConfiguration;
			buildSettings = {
				ASSETCATALOG_COMPILER_APPICON_NAME = AppIcon;
				DEVELOPMENT_TEAM = H8HSTBN8ZP;
				INFOPLIST_FILE = streamia/Info.plist;
				LD_RUNPATH_SEARCH_PATHS = "$(inherited) @executable_path/Frameworks";
				PRODUCT_BUNDLE_IDENTIFIER = com.apollo.streamia;
				PRODUCT_NAME = "$(TARGET_NAME)";
				SWIFT_VERSION = 3.0;
				TARGETED_DEVICE_FAMILY = 1;
			};
			name = Release;
		};
		824FF4C21E8E151D005F3A1B /* Debug */ = {
			isa = XCBuildConfiguration;
			buildSettings = {
				ALWAYS_EMBED_SWIFT_STANDARD_LIBRARIES = YES;
				BUNDLE_LOADER = "$(TEST_HOST)";
				DEVELOPMENT_TEAM = H8HSTBN8ZP;
				INFOPLIST_FILE = streamiaTests/Info.plist;
				LD_RUNPATH_SEARCH_PATHS = "$(inherited) @executable_path/Frameworks @loader_path/Frameworks";
				PRODUCT_BUNDLE_IDENTIFIER = com.apollo.streamiaTests;
				PRODUCT_NAME = "$(TARGET_NAME)";
				SWIFT_VERSION = 3.0;
				TEST_HOST = "$(BUILT_PRODUCTS_DIR)/streamia.app/streamia";
			};
			name = Debug;
		};
		824FF4C31E8E151D005F3A1B /* Release */ = {
			isa = XCBuildConfiguration;
			buildSettings = {
				ALWAYS_EMBED_SWIFT_STANDARD_LIBRARIES = YES;
				BUNDLE_LOADER = "$(TEST_HOST)";
				DEVELOPMENT_TEAM = H8HSTBN8ZP;
				INFOPLIST_FILE = streamiaTests/Info.plist;
				LD_RUNPATH_SEARCH_PATHS = "$(inherited) @executable_path/Frameworks @loader_path/Frameworks";
				PRODUCT_BUNDLE_IDENTIFIER = com.apollo.streamiaTests;
				PRODUCT_NAME = "$(TARGET_NAME)";
				SWIFT_VERSION = 3.0;
				TEST_HOST = "$(BUILT_PRODUCTS_DIR)/streamia.app/streamia";
			};
			name = Release;
		};
		824FF4C51E8E151D005F3A1B /* Debug */ = {
			isa = XCBuildConfiguration;
			buildSettings = {
				ALWAYS_EMBED_SWIFT_STANDARD_LIBRARIES = YES;
				DEVELOPMENT_TEAM = H8HSTBN8ZP;
				INFOPLIST_FILE = streamiaUITests/Info.plist;
				LD_RUNPATH_SEARCH_PATHS = "$(inherited) @executable_path/Frameworks @loader_path/Frameworks";
				PRODUCT_BUNDLE_IDENTIFIER = com.apollo.streamiaUITests;
				PRODUCT_NAME = "$(TARGET_NAME)";
				SWIFT_VERSION = 3.0;
				TEST_TARGET_NAME = streamia;
			};
			name = Debug;
		};
		824FF4C61E8E151D005F3A1B /* Release */ = {
			isa = XCBuildConfiguration;
			buildSettings = {
				ALWAYS_EMBED_SWIFT_STANDARD_LIBRARIES = YES;
				DEVELOPMENT_TEAM = H8HSTBN8ZP;
				INFOPLIST_FILE = streamiaUITests/Info.plist;
				LD_RUNPATH_SEARCH_PATHS = "$(inherited) @executable_path/Frameworks @loader_path/Frameworks";
				PRODUCT_BUNDLE_IDENTIFIER = com.apollo.streamiaUITests;
				PRODUCT_NAME = "$(TARGET_NAME)";
				SWIFT_VERSION = 3.0;
				TEST_TARGET_NAME = streamia;
			};
			name = Release;
		};
/* End XCBuildConfiguration section */

/* Begin XCConfigurationList section */
		824FF48E1E8E151C005F3A1B /* Build configuration list for PBXProject "streamia" */ = {
			isa = XCConfigurationList;
			buildConfigurations = (
				824FF4BC1E8E151D005F3A1B /* Debug */,
				824FF4BD1E8E151D005F3A1B /* Release */,
			);
			defaultConfigurationIsVisible = 0;
			defaultConfigurationName = Release;
		};
		824FF4BE1E8E151D005F3A1B /* Build configuration list for PBXNativeTarget "streamia" */ = {
			isa = XCConfigurationList;
			buildConfigurations = (
				824FF4BF1E8E151D005F3A1B /* Debug */,
				824FF4C01E8E151D005F3A1B /* Release */,
			);
			defaultConfigurationIsVisible = 0;
			defaultConfigurationName = Release;
		};
		824FF4C11E8E151D005F3A1B /* Build configuration list for PBXNativeTarget "streamiaTests" */ = {
			isa = XCConfigurationList;
			buildConfigurations = (
				824FF4C21E8E151D005F3A1B /* Debug */,
				824FF4C31E8E151D005F3A1B /* Release */,
			);
			defaultConfigurationIsVisible = 0;
			defaultConfigurationName = Release;
		};
		824FF4C41E8E151D005F3A1B /* Build configuration list for PBXNativeTarget "streamiaUITests" */ = {
			isa = XCConfigurationList;
			buildConfigurations = (
				824FF4C51E8E151D005F3A1B /* Debug */,
				824FF4C61E8E151D005F3A1B /* Release */,
			);
			defaultConfigurationIsVisible = 0;
			defaultConfigurationName = Release;
		};
/* End XCConfigurationList section */

/* Begin XCVersionGroup section */
		824FF49D1E8E151C005F3A1B /* streamia.xcdatamodeld */ = {
			isa = XCVersionGroup;
			children = (
				824FF49E1E8E151C005F3A1B /* streamia.xcdatamodel */,
			);
			currentVersion = 824FF49E1E8E151C005F3A1B /* streamia.xcdatamodel */;
			path = streamia.xcdatamodeld;
			sourceTree = "<group>";
			versionGroupType = wrapper.xcdatamodel;
		};
/* End XCVersionGroup section */
	};
	rootObject = 824FF48B1E8E151C005F3A1B /* Project object */;
}
